
Microsoft Visual Studio Solution File, Format Version 12.00
# Visual Studio 14
VisualStudioVersion = 14.0.25420.1
MinimumVisualStudioVersion = 10.0.40219.1
Project("{FAE04EC0-301F-11D3-BF4B-00C04F79EFBC}") = "WebAspServices", "WebAspServices\WebAspServices.csproj", "{64487904-4902-4A7F-B4CA-B391B0E3D266}"
EndProject
Project("{FAE04EC0-301F-11D3-BF4B-00C04F79EFBC}") = "Consumir", "Consumir\Consumir.csproj", "{4EEF1AAE-D95E-406E-AD95-73A29AEB856D}"
	ProjectSection(ProjectDependencies) = postProject
		{64487904-4902-4A7F-B4CA-B391B0E3D266} = {64487904-4902-4A7F-B4CA-B391B0E3D266}
	EndProjectSection
EndProject
Global
	GlobalSection(SolutionConfigurationPlatforms) = preSolution
		Debug|Any CPU = Debug|Any CPU
		Release|Any CPU = Release|Any CPU
	EndGlobalSection
	GlobalSection(ProjectConfigurationPlatforms) = postSolution
		{64487904-4902-4A7F-B4CA-B391B0E3D266}.Debug|Any CPU.ActiveCfg = Debug|Any CPU
		{64487904-4902-4A7F-B4CA-B391B0E3D266}.Debug|Any CPU.Build.0 = Debug|Any CPU
		{64487904-4902-4A7F-B4CA-B391B0E3D266}.Release|Any CPU.ActiveCfg = Release|Any CPU
		{64487904-4902-4A7F-B4CA-B391B0E3D266}.Release|Any CPU.Build.0 = Release|Any CPU
		{4EEF1AAE-D95E-406E-AD95-73A29AEB856D}.Debug|Any CPU.ActiveCfg = Debug|Any CPU
		{4EEF1AAE-D95E-406E-AD95-73A29AEB856D}.Debug|Any CPU.Build.0 = Debug|Any CPU
		{4EEF1AAE-D95E-406E-AD95-73A29AEB856D}.Release|Any CPU.ActiveCfg = Release|Any CPU
		{4EEF1AAE-D95E-406E-AD95-73A29AEB856D}.Release|Any CPU.Build.0 = Release|Any CPU
	EndGlobalSection
	GlobalSection(SolutionProperties) = preSolution
		HideSolutionNode = FALSE
	EndGlobalSection
EndGlobal
